
Microsoft Visual Studio Solution File, Format Version 12.00
# Visual Studio Version 17
VisualStudioVersion = 17.1.32414.318
MinimumVisualStudioVersion = 10.0.40219.1
Project("{FAE04EC0-301F-11D3-BF4B-00C04F79EFBC}") = "FootballDBFirst", "FootballDBFirst\FootballDBFirst.csproj", "{73497239-F885-4404-B616-D80884B10EFD}"
EndProject
Global
	GlobalSection(SolutionConfigurationPlatforms) = preSolution
		Debug|Any CPU = Debug|Any CPU
		Release|Any CPU = Release|Any CPU
	EndGlobalSection
	GlobalSection(ProjectConfigurationPlatforms) = postSolution
		{73497239-F885-4404-B616-D80884B10EFD}.Debug|Any CPU.ActiveCfg = Debug|Any CPU
		{73497239-F885-4404-B616-D80884B10EFD}.Debug|Any CPU.Build.0 = Debug|Any CPU
		{73497239-F885-4404-B616-D80884B10EFD}.Release|Any CPU.ActiveCfg = Release|Any CPU
		{73497239-F885-4404-B616-D80884B10EFD}.Release|Any CPU.Build.0 = Release|Any CPU
	EndGlobalSection
	GlobalSection(SolutionProperties) = preSolution
		HideSolutionNode = FALSE
	EndGlobalSection
	GlobalSection(ExtensibilityGlobals) = postSolution
		SolutionGuid = {F9139A23-23D4-4F84-A0F2-4428AB7E3324}
	EndGlobalSection
EndGlobal
